
Microsoft Visual Studio Solution File, Format Version 12.00
# Visual Studio Version 16
VisualStudioVersion = 16.0.30413.136
MinimumVisualStudioVersion = 10.0.40219.1
Project("{FAE04EC0-301F-11D3-BF4B-00C04F79EFBC}") = "CryptoCoin.UI.Components.BankCheck.Server", "Server\CryptoCoin.UI.Components.BankCheck.Server.csproj", "{E32581F3-1792-412B-99C2-9DC3E4849CCD}"
EndProject
Project("{FAE04EC0-301F-11D3-BF4B-00C04F79EFBC}") = "CryptoCoin.UI.Components.BankCheck.Client", "Client\CryptoCoin.UI.Components.BankCheck.Client.csproj", "{8FC72C13-AD97-4DB1-BA11-17644CA0FA80}"
EndProject
Project("{FAE04EC0-301F-11D3-BF4B-00C04F79EFBC}") = "CryptoCoin.UI.Components.BankCheck.Shared", "Shared\CryptoCoin.UI.Components.BankCheck.Shared.csproj", "{F888625B-00B0-435E-8043-B625FDFE9BAA}"
EndProject
Project("{FAE04EC0-301F-11D3-BF4B-00C04F79EFBC}") = "BankCheckComponent", "BankCheckComponent\BankCheckComponent.csproj", "{F4BE5C8F-C719-48EF-ACF4-AF765342A1E4}"
EndProject
Global
	GlobalSection(SolutionConfigurationPlatforms) = preSolution
		Debug|Any CPU = Debug|Any CPU
		Release|Any CPU = Release|Any CPU
	EndGlobalSection
	GlobalSection(ProjectConfigurationPlatforms) = postSolution
		{E32581F3-1792-412B-99C2-9DC3E4849CCD}.Debug|Any CPU.ActiveCfg = Debug|Any CPU
		{E32581F3-1792-412B-99C2-9DC3E4849CCD}.Debug|Any CPU.Build.0 = Debug|Any CPU
		{E32581F3-1792-412B-99C2-9DC3E4849CCD}.Release|Any CPU.ActiveCfg = Release|Any CPU
		{E32581F3-1792-412B-99C2-9DC3E4849CCD}.Release|Any CPU.Build.0 = Release|Any CPU
		{8FC72C13-AD97-4DB1-BA11-17644CA0FA80}.Debug|Any CPU.ActiveCfg = Debug|Any CPU
		{8FC72C13-AD97-4DB1-BA11-17644CA0FA80}.Debug|Any CPU.Build.0 = Debug|Any CPU
		{8FC72C13-AD97-4DB1-BA11-17644CA0FA80}.Release|Any CPU.ActiveCfg = Release|Any CPU
		{8FC72C13-AD97-4DB1-BA11-17644CA0FA80}.Release|Any CPU.Build.0 = Release|Any CPU
		{F888625B-00B0-435E-8043-B625FDFE9BAA}.Debug|Any CPU.ActiveCfg = Debug|Any CPU
		{F888625B-00B0-435E-8043-B625FDFE9BAA}.Debug|Any CPU.Build.0 = Debug|Any CPU
		{F888625B-00B0-435E-8043-B625FDFE9BAA}.Release|Any CPU.ActiveCfg = Release|Any CPU
		{F888625B-00B0-435E-8043-B625FDFE9BAA}.Release|Any CPU.Build.0 = Release|Any CPU
		{F4BE5C8F-C719-48EF-ACF4-AF765342A1E4}.Debug|Any CPU.ActiveCfg = Debug|Any CPU
		{F4BE5C8F-C719-48EF-ACF4-AF765342A1E4}.Debug|Any CPU.Build.0 = Debug|Any CPU
		{F4BE5C8F-C719-48EF-ACF4-AF765342A1E4}.Release|Any CPU.ActiveCfg = Release|Any CPU
		{F4BE5C8F-C719-48EF-ACF4-AF765342A1E4}.Release|Any CPU.Build.0 = Release|Any CPU
	EndGlobalSection
	GlobalSection(SolutionProperties) = preSolution
		HideSolutionNode = FALSE
	EndGlobalSection
	GlobalSection(ExtensibilityGlobals) = postSolution
		SolutionGuid = {F7E31119-BDB9-47C5-8AA1-C1A9A4EE2EEB}
	EndGlobalSection
EndGlobal
